PODS:
  - Flutter (1.0.0)
  - roomplan_flutter (0.1.1):
    - Flutter

DEPENDENCIES:
  - Flutter (from `Flutter`)
  - roomplan_flutter (from `.symlinks/plugins/roomplan_flutter/ios`)

EXTERNAL SOURCES:
  Flutter:
    :path: Flutter
  roomplan_flutter:
    :path: ".symlinks/plugins/roomplan_flutter/ios"

SPEC CHECKSUMS:
  Flutter: e0871f40cf51350855a761d2e70bf5af5b9b5de7
  roomplan_flutter: ebaa568a88397588c9bfb6e788b4a5fc338f790b

PODFILE CHECKSUM: 522608242e361e8e9f1bddc8fb555948e1a1bd28

COCOAPODS: 1.16.2
